
Microsoft Visual Studio Solution File, Format Version 12.00
# Visual Studio 15
VisualStudioVersion = 15.0.27004.2005
MinimumVisualStudioVersion = 10.0.40219.1
Project("{FAE04EC0-301F-11D3-BF4B-00C04F79EFBC}") = "CalcolatriceSrandard", "CalcolatriceSrandard\CalcolatriceSrandard.csproj", "{558D3BE4-FD28-491C-86D6-D14B8B822E98}"
EndProject
Global
	GlobalSection(SolutionConfigurationPlatforms) = preSolution
		Debug|Any CPU = Debug|Any CPU
		Release|Any CPU = Release|Any CPU
	EndGlobalSection
	GlobalSection(ProjectConfigurationPlatforms) = postSolution
		{558D3BE4-FD28-491C-86D6-D14B8B822E98}.Debug|Any CPU.ActiveCfg = Debug|Any CPU
		{558D3BE4-FD28-491C-86D6-D14B8B822E98}.Debug|Any CPU.Build.0 = Debug|Any CPU
		{558D3BE4-FD28-491C-86D6-D14B8B822E98}.Release|Any CPU.ActiveCfg = Release|Any CPU
		{558D3BE4-FD28-491C-86D6-D14B8B822E98}.Release|Any CPU.Build.0 = Release|Any CPU
	EndGlobalSection
	GlobalSection(SolutionProperties) = preSolution
		HideSolutionNode = FALSE
	EndGlobalSection
	GlobalSection(ExtensibilityGlobals) = postSolution
		SolutionGuid = {4E55F843-367B-4009-8C96-374ADFAD8DF9}
	EndGlobalSection
EndGlobal
